---

# 6 Overclock

# Overclock
- name: Get overclock
  command: "raspi-config nonint get_config_var arm_freq /boot/config.txt"
  register: pi_overclock
  changed_when: false

- name: Print overclock
  debug:
    msg: "Overclock is: {{ pi_overclock.stdout }}"

- name: Set overclock
  command: "raspi-config nonint do_overclock {{ OVERCLOCK }}"
  when: raspi_config_overclock
